// !$*UTF8*$!
{
	archiveVersion = 1;
	classes = {
	};
	objectVersion = 50;
	objects = {

/* Begin PBXBuildFile section */
		60897EBD2158E8B4008CB337 /* FileCell.swift in Sources */ = {isa = PBXBuildFile; fileRef = ED81BCF5215443E30059E1D8 /* FileCell.swift */; };
		60897EBE2158E8B4008CB337 /* PreviewViewController.swift in Sources */ = {isa = PBXBuildFile; fileRef = EDFDD4342154FA5F008786A5 /* PreviewViewController.swift */; };
		60897EBF2158E8B4008CB337 /* PreviewView.swift in Sources */ = {isa = PBXBuildFile; fileRef = E15D5F272158798900045C47 /* PreviewView.swift */; };
		816B04622159A5F70057DEA5 /* MediaWindowViewController.swift in Sources */ = {isa = PBXBuildFile; fileRef = 816B04612159A5F70057DEA5 /* MediaWindowViewController.swift */; };
		816B04632159A5F70057DEA5 /* MediaWindowViewController.swift in Sources */ = {isa = PBXBuildFile; fileRef = 816B04612159A5F70057DEA5 /* MediaWindowViewController.swift */; };
		816B04652159A60E0057DEA5 /* MediaWindowView.swift in Sources */ = {isa = PBXBuildFile; fileRef = 816B04642159A60E0057DEA5 /* MediaWindowView.swift */; };
		816B04662159A60E0057DEA5 /* MediaWindowView.swift in Sources */ = {isa = PBXBuildFile; fileRef = 816B04642159A60E0057DEA5 /* MediaWindowView.swift */; };
		816B04672159A7EE0057DEA5 /* MM_File.swift in Sources */ = {isa = PBXBuildFile; fileRef = D3A241E52133AE390061C4F3 /* MM_File.swift */; };
		816B04682159A8180057DEA5 /* MM_Collection.swift in Sources */ = {isa = PBXBuildFile; fileRef = D3A241F92133B1630061C4F3 /* MM_Collection.swift */; };
		816B04692159A8180057DEA5 /* MM_FileImport.swift in Sources */ = {isa = PBXBuildFile; fileRef = D3A241FB2133B2070061C4F3 /* MM_FileImport.swift */; };
		816B046A2159A8180057DEA5 /* MM_FileExport.swift in Sources */ = {isa = PBXBuildFile; fileRef = D3A242112133C0960061C4F3 /* MM_FileExport.swift */; };
		816B046B2159A8180057DEA5 /* MM_Metadata.swift in Sources */ = {isa = PBXBuildFile; fileRef = D3A24227213502A30061C4F3 /* MM_Metadata.swift */; };
		816B046C2159A8180057DEA5 /* protocols.swift in Sources */ = {isa = PBXBuildFile; fileRef = D3161D2C20D749BD00EC97E8 /* protocols.swift */; };
		816B046E2159A8180057DEA5 /* cli.swift in Sources */ = {isa = PBXBuildFile; fileRef = D3CB3A9C20DB264200AF519E /* cli.swift */; };
		818DA0D4215867EE000C22C0 /* ViewController.swift in Sources */ = {isa = PBXBuildFile; fileRef = 81AD632D21535DE80071147D /* ViewController.swift */; };
		81AD632C21535DE80071147D /* AppDelegate.swift in Sources */ = {isa = PBXBuildFile; fileRef = 81AD632B21535DE80071147D /* AppDelegate.swift */; };
		81AD632E21535DE80071147D /* ViewController.swift in Sources */ = {isa = PBXBuildFile; fileRef = 81AD632D21535DE80071147D /* ViewController.swift */; };
		81AD633021535DE80071147D /* Assets.xcassets in Resources */ = {isa = PBXBuildFile; fileRef = 81AD632F21535DE80071147D /* Assets.xcassets */; };
		81AD633321535DE80071147D /* Main.storyboard in Resources */ = {isa = PBXBuildFile; fileRef = 81AD633121535DE80071147D /* Main.storyboard */; };
		81AD633F21535DE80071147D /* MediaLibraryManagerGUITests.swift in Sources */ = {isa = PBXBuildFile; fileRef = 81AD633E21535DE80071147D /* MediaLibraryManagerGUITests.swift */; };
		D3161D2420D748F800EC97E8 /* main.swift in Sources */ = {isa = PBXBuildFile; fileRef = D3161D2320D748F800EC97E8 /* main.swift */; };
		D3161D2D20D749BD00EC97E8 /* protocols.swift in Sources */ = {isa = PBXBuildFile; fileRef = D3161D2C20D749BD00EC97E8 /* protocols.swift */; };
		D39C532121364636001AD9DC /* CollectionTests.swift in Sources */ = {isa = PBXBuildFile; fileRef = D39C532021364636001AD9DC /* CollectionTests.swift */; };
		D39C532621364CC8001AD9DC /* JsonTestStrings.swift in Sources */ = {isa = PBXBuildFile; fileRef = D39C532521364CC8001AD9DC /* JsonTestStrings.swift */; };
		D39C536F213CCA32001AD9DC /* CommandTests.swift in Sources */ = {isa = PBXBuildFile; fileRef = D39C536E213CCA32001AD9DC /* CommandTests.swift */; };
		D39C5371213CD6C1001AD9DC /* SaveTests.swift in Sources */ = {isa = PBXBuildFile; fileRef = D39C5370213CD6C1001AD9DC /* SaveTests.swift */; };
		D3A241E62133AE390061C4F3 /* MM_File.swift in Sources */ = {isa = PBXBuildFile; fileRef = D3A241E52133AE390061C4F3 /* MM_File.swift */; };
		D3A241EE2133B0720061C4F3 /* MediaLibraryManagerTests.swift in Sources */ = {isa = PBXBuildFile; fileRef = D3A241ED2133B0720061C4F3 /* MediaLibraryManagerTests.swift */; };
		D3A241F82133B0D90061C4F3 /* LoadTests.swift in Sources */ = {isa = PBXBuildFile; fileRef = D3A241F72133B0D90061C4F3 /* LoadTests.swift */; };
		D3A241FA2133B1630061C4F3 /* MM_Collection.swift in Sources */ = {isa = PBXBuildFile; fileRef = D3A241F92133B1630061C4F3 /* MM_Collection.swift */; };
		D3A241FC2133B2070061C4F3 /* MM_FileImport.swift in Sources */ = {isa = PBXBuildFile; fileRef = D3A241FB2133B2070061C4F3 /* MM_FileImport.swift */; };
		D3A242122133C0960061C4F3 /* MM_FileExport.swift in Sources */ = {isa = PBXBuildFile; fileRef = D3A242112133C0960061C4F3 /* MM_FileExport.swift */; };
		D3A2421E2134B83C0061C4F3 /* MM_File.swift in Sources */ = {isa = PBXBuildFile; fileRef = D3A241E52133AE390061C4F3 /* MM_File.swift */; };
		D3A2421F2134B83C0061C4F3 /* protocols.swift in Sources */ = {isa = PBXBuildFile; fileRef = D3161D2C20D749BD00EC97E8 /* protocols.swift */; };
		D3A242202134B83C0061C4F3 /* main.swift in Sources */ = {isa = PBXBuildFile; fileRef = D3161D2320D748F800EC97E8 /* main.swift */; };
		D3A242212134B83C0061C4F3 /* cli.swift in Sources */ = {isa = PBXBuildFile; fileRef = D3CB3A9C20DB264200AF519E /* cli.swift */; };
		D3A242222134B83C0061C4F3 /* MM_Collection.swift in Sources */ = {isa = PBXBuildFile; fileRef = D3A241F92133B1630061C4F3 /* MM_Collection.swift */; };
		D3A242232134B83C0061C4F3 /* MM_FileImport.swift in Sources */ = {isa = PBXBuildFile; fileRef = D3A241FB2133B2070061C4F3 /* MM_FileImport.swift */; };
		D3A242242134B83C0061C4F3 /* MM_FileExport.swift in Sources */ = {isa = PBXBuildFile; fileRef = D3A242112133C0960061C4F3 /* MM_FileExport.swift */; };
		D3A242262134FDBD0061C4F3 /* ValidationTests.swift in Sources */ = {isa = PBXBuildFile; fileRef = D3A242252134FDBD0061C4F3 /* ValidationTests.swift */; };
		D3A24228213502A30061C4F3 /* MM_Metadata.swift in Sources */ = {isa = PBXBuildFile; fileRef = D3A24227213502A30061C4F3 /* MM_Metadata.swift */; };
		D3A242292135405D0061C4F3 /* MM_Metadata.swift in Sources */ = {isa = PBXBuildFile; fileRef = D3A24227213502A30061C4F3 /* MM_Metadata.swift */; };
		D3CB3A9D20DB264200AF519E /* cli.swift in Sources */ = {isa = PBXBuildFile; fileRef = D3CB3A9C20DB264200AF519E /* cli.swift */; };
		D3F75323214240CE005C7C67 /* IndexerTests.swift in Sources */ = {isa = PBXBuildFile; fileRef = D3F75322214240CE005C7C67 /* IndexerTests.swift */; };
		E15D5F282158798900045C47 /* PreviewView.swift in Sources */ = {isa = PBXBuildFile; fileRef = E15D5F272158798900045C47 /* PreviewView.swift */; };
		ED81BCF6215443E30059E1D8 /* FileCell.swift in Sources */ = {isa = PBXBuildFile; fileRef = ED81BCF5215443E30059E1D8 /* FileCell.swift */; };
		EDFDD4312154F06E008786A5 /* Placeholder.png in Resources */ = {isa = PBXBuildFile; fileRef = EDFDD4302154F06E008786A5 /* Placeholder.png */; };
		EDFDD4352154FA5F008786A5 /* PreviewViewController.swift in Sources */ = {isa = PBXBuildFile; fileRef = EDFDD4342154FA5F008786A5 /* PreviewViewController.swift */; };
/* End PBXBuildFile section */

/* Begin PBXContainerItemProxy section */
		81AD633B21535DE80071147D /* PBXContainerItemProxy */ = {
			isa = PBXContainerItemProxy;
			containerPortal = D3161D1820D748F800EC97E8 /* Project object */;
			proxyType = 1;
			remoteGlobalIDString = 81AD632821535DE70071147D;
			remoteInfo = MediaLibraryManagerGUI;
		};
/* End PBXContainerItemProxy section */

/* Begin PBXCopyFilesBuildPhase section */
		D3161D1E20D748F800EC97E8 /* CopyFiles */ = {
			isa = PBXCopyFilesBuildPhase;
			buildActionMask = 2147483647;
			dstPath = /usr/share/man/man1/;
			dstSubfolderSpec = 0;
			files = (
			);
			runOnlyForDeploymentPostprocessing = 1;
		};
/* End PBXCopyFilesBuildPhase section */

/* Begin PBXFileReference section */
		816B04612159A5F70057DEA5 /* MediaWindowViewController.swift */ = {isa = PBXFileReference; lastKnownFileType = sourcecode.swift; path = MediaWindowViewController.swift; sourceTree = "<group>"; };
		816B04642159A60E0057DEA5 /* MediaWindowView.swift */ = {isa = PBXFileReference; lastKnownFileType = sourcecode.swift; path = MediaWindowView.swift; sourceTree = "<group>"; };
		81AD632921535DE70071147D /* MediaLibraryManagerGUI.app */ = {isa = PBXFileReference; explicitFileType = wrapper.application; includeInIndex = 0; path = MediaLibraryManagerGUI.app; sourceTree = BUILT_PRODUCTS_DIR; };
		81AD632B21535DE80071147D /* AppDelegate.swift */ = {isa = PBXFileReference; lastKnownFileType = sourcecode.swift; path = AppDelegate.swift; sourceTree = "<group>"; };
		81AD632D21535DE80071147D /* ViewController.swift */ = {isa = PBXFileReference; lastKnownFileType = sourcecode.swift; path = ViewController.swift; sourceTree = "<group>"; };
		81AD632F21535DE80071147D /* Assets.xcassets */ = {isa = PBXFileReference; lastKnownFileType = folder.assetcatalog; path = Assets.xcassets; sourceTree = "<group>"; };
		81AD633221535DE80071147D /* Base */ = {isa = PBXFileReference; lastKnownFileType = file.storyboard; name = Base; path = Base.lproj/Main.storyboard; sourceTree = "<group>"; };
		81AD633421535DE80071147D /* Info.plist */ = {isa = PBXFileReference; lastKnownFileType = text.plist.xml; path = Info.plist; sourceTree = "<group>"; };
		81AD633521535DE80071147D /* MediaLibraryManagerGUI.entitlements */ = {isa = PBXFileReference; lastKnownFileType = text.plist.entitlements; path = MediaLibraryManagerGUI.entitlements; sourceTree = "<group>"; };
		81AD633A21535DE80071147D /* MediaLibraryManagerGUITests.xctest */ = {isa = PBXFileReference; explicitFileType = wrapper.cfbundle; includeInIndex = 0; path = MediaLibraryManagerGUITests.xctest; sourceTree = BUILT_PRODUCTS_DIR; };
		81AD633E21535DE80071147D /* MediaLibraryManagerGUITests.swift */ = {isa = PBXFileReference; lastKnownFileType = sourcecode.swift; path = MediaLibraryManagerGUITests.swift; sourceTree = "<group>"; };
		81AD634021535DE80071147D /* Info.plist */ = {isa = PBXFileReference; lastKnownFileType = text.plist.xml; path = Info.plist; sourceTree = "<group>"; };
		D3161D2020D748F800EC97E8 /* MediaLibraryManager */ = {isa = PBXFileReference; explicitFileType = "compiled.mach-o.executable"; includeInIndex = 0; path = MediaLibraryManager; sourceTree = BUILT_PRODUCTS_DIR; };
		D3161D2320D748F800EC97E8 /* main.swift */ = {isa = PBXFileReference; lastKnownFileType = sourcecode.swift; path = main.swift; sourceTree = "<group>"; };
		D3161D2C20D749BD00EC97E8 /* protocols.swift */ = {isa = PBXFileReference; lastKnownFileType = sourcecode.swift; path = protocols.swift; sourceTree = "<group>"; };
		D39C532021364636001AD9DC /* CollectionTests.swift */ = {isa = PBXFileReference; lastKnownFileType = sourcecode.swift; path = CollectionTests.swift; sourceTree = "<group>"; };
		D39C532521364CC8001AD9DC /* JsonTestStrings.swift */ = {isa = PBXFileReference; lastKnownFileType = sourcecode.swift; path = JsonTestStrings.swift; sourceTree = "<group>"; };
		D39C536E213CCA32001AD9DC /* CommandTests.swift */ = {isa = PBXFileReference; lastKnownFileType = sourcecode.swift; path = CommandTests.swift; sourceTree = "<group>"; };
		D39C5370213CD6C1001AD9DC /* SaveTests.swift */ = {isa = PBXFileReference; lastKnownFileType = sourcecode.swift; path = SaveTests.swift; sourceTree = "<group>"; };
		D3A241E52133AE390061C4F3 /* MM_File.swift */ = {isa = PBXFileReference; fileEncoding = 4; lastKnownFileType = sourcecode.swift; path = MM_File.swift; sourceTree = "<group>"; };
		D3A241EB2133B0720061C4F3 /* MediaLibraryManagerTests.xctest */ = {isa = PBXFileReference; explicitFileType = wrapper.cfbundle; includeInIndex = 0; path = MediaLibraryManagerTests.xctest; sourceTree = BUILT_PRODUCTS_DIR; };
		D3A241ED2133B0720061C4F3 /* MediaLibraryManagerTests.swift */ = {isa = PBXFileReference; lastKnownFileType = sourcecode.swift; path = MediaLibraryManagerTests.swift; sourceTree = "<group>"; };
		D3A241EF2133B0720061C4F3 /* Info.plist */ = {isa = PBXFileReference; lastKnownFileType = text.plist.xml; path = Info.plist; sourceTree = "<group>"; };
		D3A241F72133B0D90061C4F3 /* LoadTests.swift */ = {isa = PBXFileReference; lastKnownFileType = sourcecode.swift; path = LoadTests.swift; sourceTree = "<group>"; };
		D3A241F92133B1630061C4F3 /* MM_Collection.swift */ = {isa = PBXFileReference; lastKnownFileType = sourcecode.swift; path = MM_Collection.swift; sourceTree = "<group>"; };
		D3A241FB2133B2070061C4F3 /* MM_FileImport.swift */ = {isa = PBXFileReference; lastKnownFileType = sourcecode.swift; path = MM_FileImport.swift; sourceTree = "<group>"; };
		D3A242112133C0960061C4F3 /* MM_FileExport.swift */ = {isa = PBXFileReference; lastKnownFileType = sourcecode.swift; path = MM_FileExport.swift; sourceTree = "<group>"; };
		D3A2421D2134B62C0061C4F3 /* test.json */ = {isa = PBXFileReference; lastKnownFileType = text.json; path = test.json; sourceTree = "<group>"; };
		D3A242252134FDBD0061C4F3 /* ValidationTests.swift */ = {isa = PBXFileReference; lastKnownFileType = sourcecode.swift; path = ValidationTests.swift; sourceTree = "<group>"; };
		D3A24227213502A30061C4F3 /* MM_Metadata.swift */ = {isa = PBXFileReference; lastKnownFileType = sourcecode.swift; path = MM_Metadata.swift; sourceTree = "<group>"; };
		D3CB3A9C20DB264200AF519E /* cli.swift */ = {isa = PBXFileReference; lastKnownFileType = sourcecode.swift; path = cli.swift; sourceTree = "<group>"; };
		D3F75322214240CE005C7C67 /* IndexerTests.swift */ = {isa = PBXFileReference; lastKnownFileType = sourcecode.swift; path = IndexerTests.swift; sourceTree = "<group>"; };
		E15D5F272158798900045C47 /* PreviewView.swift */ = {isa = PBXFileReference; lastKnownFileType = sourcecode.swift; path = PreviewView.swift; sourceTree = "<group>"; };
		ED81BCF5215443E30059E1D8 /* FileCell.swift */ = {isa = PBXFileReference; lastKnownFileType = sourcecode.swift; path = FileCell.swift; sourceTree = "<group>"; };
		EDFDD4302154F06E008786A5 /* Placeholder.png */ = {isa = PBXFileReference; lastKnownFileType = image.png; path = Placeholder.png; sourceTree = "<group>"; };
		EDFDD4342154FA5F008786A5 /* PreviewViewController.swift */ = {isa = PBXFileReference; lastKnownFileType = sourcecode.swift; path = PreviewViewController.swift; sourceTree = "<group>"; };
/* End PBXFileReference section */

/* Begin PBXFrameworksBuildPhase section */
		81AD632621535DE70071147D /* Frameworks */ = {
			isa = PBXFrameworksBuildPhase;
			buildActionMask = 2147483647;
			files = (
			);
			runOnlyForDeploymentPostprocessing = 0;
		};
		81AD633721535DE80071147D /* Frameworks */ = {
			isa = PBXFrameworksBuildPhase;
			buildActionMask = 2147483647;
			files = (
			);
			runOnlyForDeploymentPostprocessing = 0;
		};
		D3161D1D20D748F800EC97E8 /* Frameworks */ = {
			isa = PBXFrameworksBuildPhase;
			buildActionMask = 2147483647;
			files = (
			);
			runOnlyForDeploymentPostprocessing = 0;
		};
		D3A241E82133B0720061C4F3 /* Frameworks */ = {
			isa = PBXFrameworksBuildPhase;
			buildActionMask = 2147483647;
			files = (
			);
			runOnlyForDeploymentPostprocessing = 0;
		};
/* End PBXFrameworksBuildPhase section */

/* Begin PBXGroup section */
		60897EBB2158E765008CB337 /* Scripts */ = {
			isa = PBXGroup;
			children = (
				D3A241E52133AE390061C4F3 /* MM_File.swift */,
				D3A241F92133B1630061C4F3 /* MM_Collection.swift */,
				D3A241FB2133B2070061C4F3 /* MM_FileImport.swift */,
				D3A242112133C0960061C4F3 /* MM_FileExport.swift */,
				D3A24227213502A30061C4F3 /* MM_Metadata.swift */,
			);
			path = Scripts;
			sourceTree = "<group>";
		};
		816B04602159A5A90057DEA5 /* MediaWindowScripts */ = {
			isa = PBXGroup;
			children = (
				816B04612159A5F70057DEA5 /* MediaWindowViewController.swift */,
				816B04642159A60E0057DEA5 /* MediaWindowView.swift */,
			);
			path = MediaWindowScripts;
			sourceTree = "<group>";
		};
		81AD632A21535DE70071147D /* MediaLibraryManagerGUI */ = {
			isa = PBXGroup;
			children = (
				816B04602159A5A90057DEA5 /* MediaWindowScripts */,
				EDFDD42F2154F06E008786A5 /* Images */,
				ED1083172153658F00F9E19D /* MainWindowScripts */,
				81AD632B21535DE80071147D /* AppDelegate.swift */,
				81AD632F21535DE80071147D /* Assets.xcassets */,
				81AD633121535DE80071147D /* Main.storyboard */,
				81AD633421535DE80071147D /* Info.plist */,
				81AD633521535DE80071147D /* MediaLibraryManagerGUI.entitlements */,
			);
			path = MediaLibraryManagerGUI;
			sourceTree = "<group>";
		};
		81AD633D21535DE80071147D /* MediaLibraryManagerGUITests */ = {
			isa = PBXGroup;
			children = (
				81AD633E21535DE80071147D /* MediaLibraryManagerGUITests.swift */,
				81AD634021535DE80071147D /* Info.plist */,
			);
			path = MediaLibraryManagerGUITests;
			sourceTree = "<group>";
		};
		D3161D1720D748F800EC97E8 = {
			isa = PBXGroup;
			children = (
				60897EBB2158E765008CB337 /* Scripts */,
				D3161D2220D748F800EC97E8 /* MediaLibraryManager */,
				D3A241EC2133B0720061C4F3 /* MediaLibraryManagerTests */,
				81AD632A21535DE70071147D /* MediaLibraryManagerGUI */,
				81AD633D21535DE80071147D /* MediaLibraryManagerGUITests */,
				D3161D2120D748F800EC97E8 /* Products */,
			);
			sourceTree = "<group>";
		};
		D3161D2120D748F800EC97E8 /* Products */ = {
			isa = PBXGroup;
			children = (
				D3161D2020D748F800EC97E8 /* MediaLibraryManager */,
				D3A241EB2133B0720061C4F3 /* MediaLibraryManagerTests.xctest */,
				81AD632921535DE70071147D /* MediaLibraryManagerGUI.app */,
				81AD633A21535DE80071147D /* MediaLibraryManagerGUITests.xctest */,
			);
			name = Products;
			sourceTree = "<group>";
		};
		D3161D2220D748F800EC97E8 /* MediaLibraryManager */ = {
			isa = PBXGroup;
			children = (
				D3161D2C20D749BD00EC97E8 /* protocols.swift */,
				D3161D2320D748F800EC97E8 /* main.swift */,
				D3CB3A9C20DB264200AF519E /* cli.swift */,
				D3A2421D2134B62C0061C4F3 /* test.json */,
			);
			path = MediaLibraryManager;
			sourceTree = "<group>";
		};
		D3A241EC2133B0720061C4F3 /* MediaLibraryManagerTests */ = {
			isa = PBXGroup;
			children = (
				D3A241F72133B0D90061C4F3 /* LoadTests.swift */,
				D39C5370213CD6C1001AD9DC /* SaveTests.swift */,
				D3A242252134FDBD0061C4F3 /* ValidationTests.swift */,
				D3A241ED2133B0720061C4F3 /* MediaLibraryManagerTests.swift */,
				D3A241EF2133B0720061C4F3 /* Info.plist */,
				D39C532021364636001AD9DC /* CollectionTests.swift */,
				D39C532521364CC8001AD9DC /* JsonTestStrings.swift */,
				D39C536E213CCA32001AD9DC /* CommandTests.swift */,
				D3F75322214240CE005C7C67 /* IndexerTests.swift */,
			);
			path = MediaLibraryManagerTests;
			sourceTree = "<group>";
		};
		ED1083172153658F00F9E19D /* MainWindowScripts */ = {
			isa = PBXGroup;
			children = (
				81AD632D21535DE80071147D /* ViewController.swift */,
				ED81BCF5215443E30059E1D8 /* FileCell.swift */,
				EDFDD4342154FA5F008786A5 /* PreviewViewController.swift */,
				E15D5F272158798900045C47 /* PreviewView.swift */,
			);
			path = MainWindowScripts;
			sourceTree = "<group>";
		};
		EDFDD42F2154F06E008786A5 /* Images */ = {
			isa = PBXGroup;
			children = (
				EDFDD4302154F06E008786A5 /* Placeholder.png */,
			);
			path = Images;
			sourceTree = "<group>";
		};
/* End PBXGroup section */

/* Begin PBXNativeTarget section */
		81AD632821535DE70071147D /* MediaLibraryManagerGUI */ = {
			isa = PBXNativeTarget;
			buildConfigurationList = 81AD634521535DE90071147D /* Build configuration list for PBXNativeTarget "MediaLibraryManagerGUI" */;
			buildPhases = (
				81AD632521535DE70071147D /* Sources */,
				81AD632621535DE70071147D /* Frameworks */,
				81AD632721535DE70071147D /* Resources */,
				60897EC02158E8E7008CB337 /* ShellScript */,
			);
			buildRules = (
			);
			dependencies = (
			);
			name = MediaLibraryManagerGUI;
			productName = MediaLibraryManagerGUI;
			productReference = 81AD632921535DE70071147D /* MediaLibraryManagerGUI.app */;
			productType = "com.apple.product-type.application";
		};
		81AD633921535DE80071147D /* MediaLibraryManagerGUITests */ = {
			isa = PBXNativeTarget;
			buildConfigurationList = 81AD634621535DE90071147D /* Build configuration list for PBXNativeTarget "MediaLibraryManagerGUITests" */;
			buildPhases = (
				81AD633621535DE80071147D /* Sources */,
				81AD633721535DE80071147D /* Frameworks */,
				81AD633821535DE80071147D /* Resources */,
			);
			buildRules = (
			);
			dependencies = (
				81AD633C21535DE80071147D /* PBXTargetDependency */,
			);
			name = MediaLibraryManagerGUITests;
			productName = MediaLibraryManagerGUITests;
			productReference = 81AD633A21535DE80071147D /* MediaLibraryManagerGUITests.xctest */;
			productType = "com.apple.product-type.bundle.unit-test";
		};
		D3161D1F20D748F800EC97E8 /* MediaLibraryManager */ = {
			isa = PBXNativeTarget;
			buildConfigurationList = D3161D2720D748F800EC97E8 /* Build configuration list for PBXNativeTarget "MediaLibraryManager" */;
			buildPhases = (
				D3161D1C20D748F800EC97E8 /* Sources */,
				D3161D1D20D748F800EC97E8 /* Frameworks */,
				D3161D1E20D748F800EC97E8 /* CopyFiles */,
				60CE819721599F010008E7DC /* ShellScript */,
			);
			buildRules = (
			);
			dependencies = (
			);
			name = MediaLibraryManager;
			productName = MediaLibraryManager;
			productReference = D3161D2020D748F800EC97E8 /* MediaLibraryManager */;
			productType = "com.apple.product-type.tool";
		};
		D3A241EA2133B0720061C4F3 /* MediaLibraryManagerTests */ = {
			isa = PBXNativeTarget;
			buildConfigurationList = D3A241F02133B0720061C4F3 /* Build configuration list for PBXNativeTarget "MediaLibraryManagerTests" */;
			buildPhases = (
				D3A241E72133B0720061C4F3 /* Sources */,
				D3A241E82133B0720061C4F3 /* Frameworks */,
				D3A241E92133B0720061C4F3 /* Resources */,
			);
			buildRules = (
			);
			dependencies = (
			);
			name = MediaLibraryManagerTests;
			productName = MediaLibraryManagerTests;
			productReference = D3A241EB2133B0720061C4F3 /* MediaLibraryManagerTests.xctest */;
			productType = "com.apple.product-type.bundle.unit-test";
		};
/* End PBXNativeTarget section */

/* Begin PBXProject section */
		D3161D1820D748F800EC97E8 /* Project object */ = {
			isa = PBXProject;
			attributes = {
				LastSwiftUpdateCheck = 0940;
				LastUpgradeCheck = 0940;
				ORGANIZATIONNAME = "Fire Breathing Rubber Duckies";
				TargetAttributes = {
					81AD632821535DE70071147D = {
						CreatedOnToolsVersion = 9.4.1;
						LastSwiftMigration = 1000;
					};
					81AD633921535DE80071147D = {
						CreatedOnToolsVersion = 9.4.1;
						LastSwiftMigration = 1000;
						TestTargetID = 81AD632821535DE70071147D;
					};
					D3161D1F20D748F800EC97E8 = {
						CreatedOnToolsVersion = 9.4.1;
						LastSwiftMigration = 1000;
					};
					D3A241EA2133B0720061C4F3 = {
						CreatedOnToolsVersion = 9.4.1;
					};
				};
			};
			buildConfigurationList = D3161D1B20D748F800EC97E8 /* Build configuration list for PBXProject "MediaLibraryManager" */;
			compatibilityVersion = "Xcode 9.3";
			developmentRegion = en;
			hasScannedForEncodings = 0;
			knownRegions = (
				en,
				Base,
			);
			mainGroup = D3161D1720D748F800EC97E8;
			productRefGroup = D3161D2120D748F800EC97E8 /* Products */;
			projectDirPath = "";
			projectRoot = "";
			targets = (
				D3161D1F20D748F800EC97E8 /* MediaLibraryManager */,
				D3A241EA2133B0720061C4F3 /* MediaLibraryManagerTests */,
				81AD632821535DE70071147D /* MediaLibraryManagerGUI */,
				81AD633921535DE80071147D /* MediaLibraryManagerGUITests */,
			);
		};
/* End PBXProject section */

/* Begin PBXResourcesBuildPhase section */
		81AD632721535DE70071147D /* Resources */ = {
			isa = PBXResourcesBuildPhase;
			buildActionMask = 2147483647;
			files = (
				81AD633021535DE80071147D /* Assets.xcassets in Resources */,
				EDFDD4312154F06E008786A5 /* Placeholder.png in Resources */,
				81AD633321535DE80071147D /* Main.storyboard in Resources */,
			);
			runOnlyForDeploymentPostprocessing = 0;
		};
		81AD633821535DE80071147D /* Resources */ = {
			isa = PBXResourcesBuildPhase;
			buildActionMask = 2147483647;
			files = (
			);
			runOnlyForDeploymentPostprocessing = 0;
		};
		D3A241E92133B0720061C4F3 /* Resources */ = {
			isa = PBXResourcesBuildPhase;
			buildActionMask = 2147483647;
			files = (
			);
			runOnlyForDeploymentPostprocessing = 0;
		};
/* End PBXResourcesBuildPhase section */

/* Begin PBXShellScriptBuildPhase section */
		60897EC02158E8E7008CB337 /* ShellScript */ = {
			isa = PBXShellScriptBuildPhase;
			buildActionMask = 2147483647;
			files = (
			);
			inputPaths = (
			);
			outputPaths = (
			);
			runOnlyForDeploymentPostprocessing = 0;
			shellPath = /bin/sh;
			shellScript = "if which swiftlint >/dev/null; then\nswiftlint\nelse\necho \"warning: SwiftLint not installed, download from https://github.com/realm/SwiftLint\"\nfi\n";
		};
		60CE819721599F010008E7DC /* ShellScript */ = {
			isa = PBXShellScriptBuildPhase;
			buildActionMask = 2147483647;
			files = (
			);
			inputPaths = (
			);
			outputPaths = (
			);
			runOnlyForDeploymentPostprocessing = 0;
			shellPath = /bin/sh;
			shellScript = "if which swiftlint >/dev/null; then\nswiftlint\nelse\necho \"warning: SwiftLint not installed, download from https://github.com/realm/SwiftLint\"\nfi\n";
		};
/* End PBXShellScriptBuildPhase section */

/* Begin PBXSourcesBuildPhase section */
		81AD632521535DE70071147D /* Sources */ = {
			isa = PBXSourcesBuildPhase;
			buildActionMask = 2147483647;
			files = (
				816B04682159A8180057DEA5 /* MM_Collection.swift in Sources */,
				816B04692159A8180057DEA5 /* MM_FileImport.swift in Sources */,
				816B046A2159A8180057DEA5 /* MM_FileExport.swift in Sources */,
				816B046B2159A8180057DEA5 /* MM_Metadata.swift in Sources */,
				816B046C2159A8180057DEA5 /* protocols.swift in Sources */,
				816B046E2159A8180057DEA5 /* cli.swift in Sources */,
				816B04672159A7EE0057DEA5 /* MM_File.swift in Sources */,
				E15D5F282158798900045C47 /* PreviewView.swift in Sources */,
				816B04632159A5F70057DEA5 /* MediaWindowViewController.swift in Sources */,
				ED81BCF6215443E30059E1D8 /* FileCell.swift in Sources */,
				81AD632E21535DE80071147D /* ViewController.swift in Sources */,
				81AD632C21535DE80071147D /* AppDelegate.swift in Sources */,
				EDFDD4352154FA5F008786A5 /* PreviewViewController.swift in Sources */,
				816B04662159A60E0057DEA5 /* MediaWindowView.swift in Sources */,
			);
			runOnlyForDeploymentPostprocessing = 0;
		};
		81AD633621535DE80071147D /* Sources */ = {
			isa = PBXSourcesBuildPhase;
			buildActionMask = 2147483647;
			files = (
				81AD633F21535DE80071147D /* MediaLibraryManagerGUITests.swift in Sources */,
			);
			runOnlyForDeploymentPostprocessing = 0;
		};
		D3161D1C20D748F800EC97E8 /* Sources */ = {
			isa = PBXSourcesBuildPhase;
			buildActionMask = 2147483647;
			files = (
				D3A242122133C0960061C4F3 /* MM_FileExport.swift in Sources */,
				D3CB3A9D20DB264200AF519E /* cli.swift in Sources */,
				D3A241FC2133B2070061C4F3 /* MM_FileImport.swift in Sources */,
				60897EBD2158E8B4008CB337 /* FileCell.swift in Sources */,
				60897EBE2158E8B4008CB337 /* PreviewViewController.swift in Sources */,
				60897EBF2158E8B4008CB337 /* PreviewView.swift in Sources */,
				818DA0D4215867EE000C22C0 /* ViewController.swift in Sources */,
				D3A24228213502A30061C4F3 /* MM_Metadata.swift in Sources */,
				816B04622159A5F70057DEA5 /* MediaWindowViewController.swift in Sources */,
				D3161D2420D748F800EC97E8 /* main.swift in Sources */,
				D3A241FA2133B1630061C4F3 /* MM_Collection.swift in Sources */,
				D3161D2D20D749BD00EC97E8 /* protocols.swift in Sources */,
				D3A241E62133AE390061C4F3 /* MM_File.swift in Sources */,
				816B04652159A60E0057DEA5 /* MediaWindowView.swift in Sources */,
			);
			runOnlyForDeploymentPostprocessing = 0;
		};
		D3A241E72133B0720061C4F3 /* Sources */ = {
			isa = PBXSourcesBuildPhase;
			buildActionMask = 2147483647;
			files = (
				D3A2421E2134B83C0061C4F3 /* MM_File.swift in Sources */,
				D3A2421F2134B83C0061C4F3 /* protocols.swift in Sources */,
				D3A242202134B83C0061C4F3 /* main.swift in Sources */,
				D3A242212134B83C0061C4F3 /* cli.swift in Sources */,
				D3A242292135405D0061C4F3 /* MM_Metadata.swift in Sources */,
				D3A242262134FDBD0061C4F3 /* ValidationTests.swift in Sources */,
				D39C536F213CCA32001AD9DC /* CommandTests.swift in Sources */,
				D3A242222134B83C0061C4F3 /* MM_Collection.swift in Sources */,
				D39C532621364CC8001AD9DC /* JsonTestStrings.swift in Sources */,
				D39C532121364636001AD9DC /* CollectionTests.swift in Sources */,
				D3A242232134B83C0061C4F3 /* MM_FileImport.swift in Sources */,
				D39C5371213CD6C1001AD9DC /* SaveTests.swift in Sources */,
				D3A242242134B83C0061C4F3 /* MM_FileExport.swift in Sources */,
				D3F75323214240CE005C7C67 /* IndexerTests.swift in Sources */,
				D3A241EE2133B0720061C4F3 /* MediaLibraryManagerTests.swift in Sources */,
				D3A241F82133B0D90061C4F3 /* LoadTests.swift in Sources */,
			);
			runOnlyForDeploymentPostprocessing = 0;
		};
/* End PBXSourcesBuildPhase section */

/* Begin PBXTargetDependency section */
		81AD633C21535DE80071147D /* PBXTargetDependency */ = {
			isa = PBXTargetDependency;
			target = 81AD632821535DE70071147D /* MediaLibraryManagerGUI */;
			targetProxy = 81AD633B21535DE80071147D /* PBXContainerItemProxy */;
		};
/* End PBXTargetDependency section */

/* Begin PBXVariantGroup section */
		81AD633121535DE80071147D /* Main.storyboard */ = {
			isa = PBXVariantGroup;
			children = (
				81AD633221535DE80071147D /* Base */,
			);
			name = Main.storyboard;
			sourceTree = "<group>";
		};
/* End PBXVariantGroup section */

/* Begin XCBuildConfiguration section */
		81AD634121535DE90071147D /* Debug */ = {
			isa = XCBuildConfiguration;
			buildSettings = {
				ASSETCATALOG_COMPILER_APPICON_NAME = AppIcon;
				CODE_SIGN_ENTITLEMENTS = MediaLibraryManagerGUI/MediaLibraryManagerGUI.entitlements;
				CODE_SIGN_STYLE = Automatic;
				COMBINE_HIDPI_IMAGES = YES;
				INFOPLIST_FILE = MediaLibraryManagerGUI/Info.plist;
				LD_RUNPATH_SEARCH_PATHS = (
					"$(inherited)",
					"@executable_path/../Frameworks",
				);
				PRODUCT_BUNDLE_IDENTIFIER = nz.maxhuang.MediaLibraryManagerGUI;
				PRODUCT_NAME = "$(TARGET_NAME)";
				SWIFT_VERSION = 4.2;
			};
			name = Debug;
		};
		81AD634221535DE90071147D /* Release */ = {
			isa = XCBuildConfiguration;
			buildSettings = {
				ASSETCATALOG_COMPILER_APPICON_NAME = AppIcon;
				CODE_SIGN_ENTITLEMENTS = MediaLibraryManagerGUI/MediaLibraryManagerGUI.entitlements;
				CODE_SIGN_STYLE = Automatic;
				COMBINE_HIDPI_IMAGES = YES;
				INFOPLIST_FILE = MediaLibraryManagerGUI/Info.plist;
				LD_RUNPATH_SEARCH_PATHS = (
					"$(inherited)",
					"@executable_path/../Frameworks",
				);
				PRODUCT_BUNDLE_IDENTIFIER = nz.maxhuang.MediaLibraryManagerGUI;
				PRODUCT_NAME = "$(TARGET_NAME)";
				SWIFT_VERSION = 4.2;
			};
			name = Release;
		};
		81AD634321535DE90071147D /* Debug */ = {
			isa = XCBuildConfiguration;
			buildSettings = {
				ALWAYS_EMBED_SWIFT_STANDARD_LIBRARIES = YES;
				BUNDLE_LOADER = "$(TEST_HOST)";
				CODE_SIGN_STYLE = Automatic;
				COMBINE_HIDPI_IMAGES = YES;
				INFOPLIST_FILE = MediaLibraryManagerGUITests/Info.plist;
				LD_RUNPATH_SEARCH_PATHS = (
					"$(inherited)",
					"@executable_path/../Frameworks",
					"@loader_path/../Frameworks",
				);
				PRODUCT_BUNDLE_IDENTIFIER = nz.maxhuang.MediaLibraryManagerGUITests;
				PRODUCT_NAME = "$(TARGET_NAME)";
				SWIFT_VERSION = 4.2;
				TEST_HOST = "$(BUILT_PRODUCTS_DIR)/MediaLibraryManagerGUI.app/Contents/MacOS/MediaLibraryManagerGUI";
			};
			name = Debug;
		};
		81AD634421535DE90071147D /* Release */ = {
			isa = XCBuildConfiguration;
			buildSettings = {
				ALWAYS_EMBED_SWIFT_STANDARD_LIBRARIES = YES;
				BUNDLE_LOADER = "$(TEST_HOST)";
				CODE_SIGN_STYLE = Automatic;
				COMBINE_HIDPI_IMAGES = YES;
				INFOPLIST_FILE = MediaLibraryManagerGUITests/Info.plist;
				LD_RUNPATH_SEARCH_PATHS = (
					"$(inherited)",
					"@executable_path/../Frameworks",
					"@loader_path/../Frameworks",
				);
				PRODUCT_BUNDLE_IDENTIFIER = nz.maxhuang.MediaLibraryManagerGUITests;
				PRODUCT_NAME = "$(TARGET_NAME)";
				SWIFT_VERSION = 4.2;
				TEST_HOST = "$(BUILT_PRODUCTS_DIR)/MediaLibraryManagerGUI.app/Contents/MacOS/MediaLibraryManagerGUI";
			};
			name = Release;
		};
		D3161D2520D748F800EC97E8 /* Debug */ = {
			isa = XCBuildConfiguration;
			buildSettings = {
				ALWAYS_SEARCH_USER_PATHS = NO;
				CLANG_ANALYZER_NONNULL = YES;
				CLANG_ANALYZER_NUMBER_OBJECT_CONVERSION = YES_AGGRESSIVE;
				CLANG_CXX_LANGUAGE_STANDARD = "gnu++14";
				CLANG_CXX_LIBRARY = "libc++";
				CLANG_ENABLE_MODULES = YES;
				CLANG_ENABLE_OBJC_ARC = YES;
				CLANG_ENABLE_OBJC_WEAK = YES;
				CLANG_WARN_BLOCK_CAPTURE_AUTORELEASING = YES;
				CLANG_WARN_BOOL_CONVERSION = YES;
				CLANG_WARN_COMMA = YES;
				CLANG_WARN_CONSTANT_CONVERSION = YES;
				CLANG_WARN_DEPRECATED_OBJC_IMPLEMENTATIONS = YES;
				CLANG_WARN_DIRECT_OBJC_ISA_USAGE = YES_ERROR;
				CLANG_WARN_DOCUMENTATION_COMMENTS = YES;
				CLANG_WARN_EMPTY_BODY = YES;
				CLANG_WARN_ENUM_CONVERSION = YES;
				CLANG_WARN_INFINITE_RECURSION = YES;
				CLANG_WARN_INT_CONVERSION = YES;
				CLANG_WARN_NON_LITERAL_NULL_CONVERSION = YES;
				CLANG_WARN_OBJC_IMPLICIT_RETAIN_SELF = YES;
				CLANG_WARN_OBJC_LITERAL_CONVERSION = YES;
				CLANG_WARN_OBJC_ROOT_CLASS = YES_ERROR;
				CLANG_WARN_RANGE_LOOP_ANALYSIS = YES;
				CLANG_WARN_STRICT_PROTOTYPES = YES;
				CLANG_WARN_SUSPICIOUS_MOVE = YES;
				CLANG_WARN_UNGUARDED_AVAILABILITY = YES_AGGRESSIVE;
				CLANG_WARN_UNREACHABLE_CODE = YES;
				CLANG_WARN__DUPLICATE_METHOD_MATCH = YES;
				CODE_SIGN_IDENTITY = "-";
				COPY_PHASE_STRIP = NO;
				DEBUG_INFORMATION_FORMAT = dwarf;
				ENABLE_STRICT_OBJC_MSGSEND = YES;
				ENABLE_TESTABILITY = YES;
				GCC_C_LANGUAGE_STANDARD = gnu11;
				GCC_DYNAMIC_NO_PIC = NO;
				GCC_NO_COMMON_BLOCKS = YES;
				GCC_OPTIMIZATION_LEVEL = 0;
				GCC_PREPROCESSOR_DEFINITIONS = (
					"DEBUG=1",
					"$(inherited)",
				);
				GCC_WARN_64_TO_32_BIT_CONVERSION = YES;
				GCC_WARN_ABOUT_RETURN_TYPE = YES_ERROR;
				GCC_WARN_UNDECLARED_SELECTOR = YES;
				GCC_WARN_UNINITIALIZED_AUTOS = YES_AGGRESSIVE;
				GCC_WARN_UNUSED_FUNCTION = YES;
				GCC_WARN_UNUSED_VARIABLE = YES;
				MACOSX_DEPLOYMENT_TARGET = 10.13;
				MTL_ENABLE_DEBUG_INFO = YES;
				ONLY_ACTIVE_ARCH = YES;
				SDKROOT = macosx;
				SWIFT_ACTIVE_COMPILATION_CONDITIONS = DEBUG;
				SWIFT_OPTIMIZATION_LEVEL = "-Onone";
			};
			name = Debug;
		};
		D3161D2620D748F800EC97E8 /* Release */ = {
			isa = XCBuildConfiguration;
			buildSettings = {
				ALWAYS_SEARCH_USER_PATHS = NO;
				CLANG_ANALYZER_NONNULL = YES;
				CLANG_ANALYZER_NUMBER_OBJECT_CONVERSION = YES_AGGRESSIVE;
				CLANG_CXX_LANGUAGE_STANDARD = "gnu++14";
				CLANG_CXX_LIBRARY = "libc++";
				CLANG_ENABLE_MODULES = YES;
				CLANG_ENABLE_OBJC_ARC = YES;
				CLANG_ENABLE_OBJC_WEAK = YES;
				CLANG_WARN_BLOCK_CAPTURE_AUTORELEASING = YES;
				CLANG_WARN_BOOL_CONVERSION = YES;
				CLANG_WARN_COMMA = YES;
				CLANG_WARN_CONSTANT_CONVERSION = YES;
				CLANG_WARN_DEPRECATED_OBJC_IMPLEMENTATIONS = YES;
				CLANG_WARN_DIRECT_OBJC_ISA_USAGE = YES_ERROR;
				CLANG_WARN_DOCUMENTATION_COMMENTS = YES;
				CLANG_WARN_EMPTY_BODY = YES;
				CLANG_WARN_ENUM_CONVERSION = YES;
				CLANG_WARN_INFINITE_RECURSION = YES;
				CLANG_WARN_INT_CONVERSION = YES;
				CLANG_WARN_NON_LITERAL_NULL_CONVERSION = YES;
				CLANG_WARN_OBJC_IMPLICIT_RETAIN_SELF = YES;
				CLANG_WARN_OBJC_LITERAL_CONVERSION = YES;
				CLANG_WARN_OBJC_ROOT_CLASS = YES_ERROR;
				CLANG_WARN_RANGE_LOOP_ANALYSIS = YES;
				CLANG_WARN_STRICT_PROTOTYPES = YES;
				CLANG_WARN_SUSPICIOUS_MOVE = YES;
				CLANG_WARN_UNGUARDED_AVAILABILITY = YES_AGGRESSIVE;
				CLANG_WARN_UNREACHABLE_CODE = YES;
				CLANG_WARN__DUPLICATE_METHOD_MATCH = YES;
				CODE_SIGN_IDENTITY = "-";
				COPY_PHASE_STRIP = NO;
				DEBUG_INFORMATION_FORMAT = "dwarf-with-dsym";
				ENABLE_NS_ASSERTIONS = NO;
				ENABLE_STRICT_OBJC_MSGSEND = YES;
				GCC_C_LANGUAGE_STANDARD = gnu11;
				GCC_NO_COMMON_BLOCKS = YES;
				GCC_WARN_64_TO_32_BIT_CONVERSION = YES;
				GCC_WARN_ABOUT_RETURN_TYPE = YES_ERROR;
				GCC_WARN_UNDECLARED_SELECTOR = YES;
				GCC_WARN_UNINITIALIZED_AUTOS = YES_AGGRESSIVE;
				GCC_WARN_UNUSED_FUNCTION = YES;
				GCC_WARN_UNUSED_VARIABLE = YES;
				MACOSX_DEPLOYMENT_TARGET = 10.13;
				MTL_ENABLE_DEBUG_INFO = NO;
				SDKROOT = macosx;
				SWIFT_COMPILATION_MODE = wholemodule;
				SWIFT_OPTIMIZATION_LEVEL = "-O";
			};
			name = Release;
		};
		D3161D2820D748F800EC97E8 /* Debug */ = {
			isa = XCBuildConfiguration;
			buildSettings = {
				CODE_SIGN_STYLE = Automatic;
				PRODUCT_NAME = "$(TARGET_NAME)";
				SWIFT_VERSION = 4.2;
			};
			name = Debug;
		};
		D3161D2920D748F800EC97E8 /* Release */ = {
			isa = XCBuildConfiguration;
			buildSettings = {
				CODE_SIGN_STYLE = Automatic;
				PRODUCT_NAME = "$(TARGET_NAME)";
				SWIFT_VERSION = 4.2;
			};
			name = Release;
		};
		D3A241F12133B0720061C4F3 /* Debug */ = {
			isa = XCBuildConfiguration;
			buildSettings = {
				CODE_SIGN_IDENTITY = "Mac Developer";
				CODE_SIGN_STYLE = Automatic;
				COMBINE_HIDPI_IMAGES = YES;
				DEVELOPMENT_TEAM = LRKX363CSF;
				INFOPLIST_FILE = MediaLibraryManagerTests/Info.plist;
				LD_RUNPATH_SEARCH_PATHS = (
					"$(inherited)",
					"@executable_path/../Frameworks",
					"@loader_path/../Frameworks",
				);
				PRODUCT_BUNDLE_IDENTIFIER = nz.net.crane.paul.MediaLibraryManagerTests;
				PRODUCT_NAME = "$(TARGET_NAME)";
				SWIFT_VERSION = 4.0;
			};
			name = Debug;
		};
		D3A241F22133B0720061C4F3 /* Release */ = {
			isa = XCBuildConfiguration;
			buildSettings = {
				CODE_SIGN_IDENTITY = "Mac Developer";
				CODE_SIGN_STYLE = Automatic;
				COMBINE_HIDPI_IMAGES = YES;
				DEVELOPMENT_TEAM = LRKX363CSF;
				INFOPLIST_FILE = MediaLibraryManagerTests/Info.plist;
				LD_RUNPATH_SEARCH_PATHS = (
					"$(inherited)",
					"@executable_path/../Frameworks",
					"@loader_path/../Frameworks",
				);
				PRODUCT_BUNDLE_IDENTIFIER = nz.net.crane.paul.MediaLibraryManagerTests;
				PRODUCT_NAME = "$(TARGET_NAME)";
				SWIFT_VERSION = 4.0;
			};
			name = Release;
		};
/* End XCBuildConfiguration section */

/* Begin XCConfigurationList section */
		81AD634521535DE90071147D /* Build configuration list for PBXNativeTarget "MediaLibraryManagerGUI" */ = {
			isa = XCConfigurationList;
			buildConfigurations = (
				81AD634121535DE90071147D /* Debug */,
				81AD634221535DE90071147D /* Release */,
			);
			defaultConfigurationIsVisible = 0;
			defaultConfigurationName = Release;
		};
		81AD634621535DE90071147D /* Build configuration list for PBXNativeTarget "MediaLibraryManagerGUITests" */ = {
			isa = XCConfigurationList;
			buildConfigurations = (
				81AD634321535DE90071147D /* Debug */,
				81AD634421535DE90071147D /* Release */,
			);
			defaultConfigurationIsVisible = 0;
			defaultConfigurationName = Release;
		};
		D3161D1B20D748F800EC97E8 /* Build configuration list for PBXProject "MediaLibraryManager" */ = {
			isa = XCConfigurationList;
			buildConfigurations = (
				D3161D2520D748F800EC97E8 /* Debug */,
				D3161D2620D748F800EC97E8 /* Release */,
			);
			defaultConfigurationIsVisible = 0;
			defaultConfigurationName = Release;
		};
		D3161D2720D748F800EC97E8 /* Build configuration list for PBXNativeTarget "MediaLibraryManager" */ = {
			isa = XCConfigurationList;
			buildConfigurations = (
				D3161D2820D748F800EC97E8 /* Debug */,
				D3161D2920D748F800EC97E8 /* Release */,
			);
			defaultConfigurationIsVisible = 0;
			defaultConfigurationName = Release;
		};
		D3A241F02133B0720061C4F3 /* Build configuration list for PBXNativeTarget "MediaLibraryManagerTests" */ = {
			isa = XCConfigurationList;
			buildConfigurations = (
				D3A241F12133B0720061C4F3 /* Debug */,
				D3A241F22133B0720061C4F3 /* Release */,
			);
			defaultConfigurationIsVisible = 0;
			defaultConfigurationName = Release;
		};
/* End XCConfigurationList section */
	};
	rootObject = D3161D1820D748F800EC97E8 /* Project object */;
}
